
Microsoft Visual Studio Solution File, Format Version 12.00
# Visual Studio 15
VisualStudioVersion = 15.0.28307.438
MinimumVisualStudioVersion = 10.0.40219.1
Project("{D2ABAB84-BF74-430A-B69E-9DC6D40DDA17}") = "CuboOlap", "CuboOlap\CuboOlap.dwproj", "{B592DAAA-FA03-430B-9A21-D1786286400F}"
EndProject
Global
	GlobalSection(SolutionConfigurationPlatforms) = preSolution
		Development|Default = Development|Default
	EndGlobalSection
	GlobalSection(ProjectConfigurationPlatforms) = postSolution
		{B592DAAA-FA03-430B-9A21-D1786286400F}.Development|Default.ActiveCfg = Development
		{B592DAAA-FA03-430B-9A21-D1786286400F}.Development|Default.Build.0 = Development
		{B592DAAA-FA03-430B-9A21-D1786286400F}.Development|Default.Deploy.0 = Development
	EndGlobalSection
	GlobalSection(SolutionProperties) = preSolution
		HideSolutionNode = FALSE
	EndGlobalSection
	GlobalSection(ExtensibilityGlobals) = postSolution
		SolutionGuid = {A9B268F7-5B64-4096-9737-6DC3B99453F2}
	EndGlobalSection
EndGlobal
